
Microsoft Visual Studio Solution File, Format Version 12.00
# Visual Studio 15
Project("{FAE04EC0-301F-11D3-BF4B-00C04F79EFBC}") = "prova06_sistemacliente", "prova06_sistemacliente\prova06_sistemacliente.csproj", "{D0BA6C02-6BAE-4B17-8F58-549691047CE3}"
EndProject
Global
	GlobalSection(SolutionConfigurationPlatforms) = preSolution
		Debug|Any CPU = Debug|Any CPU
		Release|Any CPU = Release|Any CPU
	EndGlobalSection
	GlobalSection(ProjectConfigurationPlatforms) = postSolution
		{D0BA6C02-6BAE-4B17-8F58-549691047CE3}.Debug|Any CPU.ActiveCfg = Debug|Any CPU
		{D0BA6C02-6BAE-4B17-8F58-549691047CE3}.Debug|Any CPU.Build.0 = Debug|Any CPU
		{D0BA6C02-6BAE-4B17-8F58-549691047CE3}.Release|Any CPU.ActiveCfg = Release|Any CPU
		{D0BA6C02-6BAE-4B17-8F58-549691047CE3}.Release|Any CPU.Build.0 = Release|Any CPU
	EndGlobalSection
EndGlobal
